
Microsoft Visual Studio Solution File, Format Version 12.00
# Visual Studio 2012
Project("{FAE04EC0-301F-11D3-BF4B-00C04F79EFBC}") = "CalculadoraInfija", "CalculadoraInfija\CalculadoraInfija.csproj", "{291D40A7-304B-47AA-9FEF-1D00145BC50C}"
EndProject
Project("{FAE04EC0-301F-11D3-BF4B-00C04F79EFBC}") = "CalculadoraLibrary", "CalculadoraLibrary\CalculadoraLibrary.csproj", "{9C82C235-99DB-4E54-A583-7CA8797F7B88}"
EndProject
Global
	GlobalSection(SolutionConfigurationPlatforms) = preSolution
		Debug|Any CPU = Debug|Any CPU
		Release|Any CPU = Release|Any CPU
	EndGlobalSection
	GlobalSection(ProjectConfigurationPlatforms) = postSolution
		{291D40A7-304B-47AA-9FEF-1D00145BC50C}.Debug|Any CPU.ActiveCfg = Debug|Any CPU
		{291D40A7-304B-47AA-9FEF-1D00145BC50C}.Debug|Any CPU.Build.0 = Debug|Any CPU
		{291D40A7-304B-47AA-9FEF-1D00145BC50C}.Release|Any CPU.ActiveCfg = Release|Any CPU
		{291D40A7-304B-47AA-9FEF-1D00145BC50C}.Release|Any CPU.Build.0 = Release|Any CPU
		{9C82C235-99DB-4E54-A583-7CA8797F7B88}.Debug|Any CPU.ActiveCfg = Debug|Any CPU
		{9C82C235-99DB-4E54-A583-7CA8797F7B88}.Debug|Any CPU.Build.0 = Debug|Any CPU
		{9C82C235-99DB-4E54-A583-7CA8797F7B88}.Release|Any CPU.ActiveCfg = Release|Any CPU
		{9C82C235-99DB-4E54-A583-7CA8797F7B88}.Release|Any CPU.Build.0 = Release|Any CPU
	EndGlobalSection
	GlobalSection(SolutionProperties) = preSolution
		HideSolutionNode = FALSE
	EndGlobalSection
EndGlobal
